{
    "_readme": [
        "This file locks the dependencies of your project to a known state",
        "Read more about it at https://getcomposer.org/doc/01-basic-usage.md#composer-lock-the-lock-file",
        "This file is @generated automatically"
    ],
    "hash": "a3ce69bcd1aa7649db0c02b64fde6e11",
    "content-hash": "036c3ae2cc868814a92ca8ccfbab4c95",
    "packages": [
        {
            "name": "php-ews/php-ews",
            "version": "dev-composer",
            "source": {
                "type": "git",
                "url": "https://github.com/jamesiarmes/php-ews.git",
                "reference": "b373c3804364aa6f31ef77d1561cc4edddc870c8"
            },
            "dist": {
                "type": "zip",
                "url": "https://api.github.com/repos/jamesiarmes/php-ews/zipball/b373c3804364aa6f31ef77d1561cc4edddc870c8",
                "reference": "b373c3804364aa6f31ef77d1561cc4edddc870c8",
                "shasum": ""
            },
            "require": {
                "ext-soap": "*",
                "php": ">=5.3.9"
            },
            "require-dev": {
                "phpspec/phpspec": "~2",
                "symfony/console": "~2"
            },
            "type": "library",
            "autoload": {
                "psr-0": {
                    "": "src/"
                }
            },
            "notification-url": "https://packagist.org/downloads/",
            "license": [
                "MIT"
            ],
            "authors": [
                {
                    "name": "Adam Elsodaney",
                    "email": "adam.elso@gmail.com"
                }
            ],
            "description": "The PHP Exchange Web Services library (php-ews) is intended to make communication with Microsoft Exchange servers using Exchange Web Services easier. It handles the NTLM authentication required to use the SOAP services and provides an object-oriented interface to the complex types required to form a request.",
            "time": "2016-04-03 15:23:19"
        }
    ],
    "packages-dev": [],
    "aliases": [],
    "minimum-stability": "dev",
    "stability-flags": [],
    "prefer-stable": true,
    "prefer-lowest": false,
    "platform": [],
    "platform-dev": []
}
